{
  "name": "@enthusiastic/form-observer",
  "version": "0.0.1",
  "lockfileVersion": 3,
  "requires": true,
  "packages": {
    "": {
      "name": "@enthusiastic/form-observer",
      "version": "0.0.1",
      "license": "MIT",
      "devDependencies": {
        "prettier": "^2.8.3",
        "typescript": "^4.9.4"
      }
    },
    "node_modules/prettier": {
      "version": "2.8.3",
      "resolved": "https://registry.npmjs.org/prettier/-/prettier-2.8.3.tgz",
      "integrity": "sha512-tJ/oJ4amDihPoufT5sM0Z1SKEuKay8LfVAMlbbhnnkvt6BUserZylqo2PN+p9KeljLr0OHa2rXHU1T8reeoTrw==",
      "dev": true,
      "bin": {
        "prettier": "bin-prettier.js"
      },
      "engines": {
        "node": ">=10.13.0"
      },
      "funding": {
        "url": "https://github.com/prettier/prettier?sponsor=1"
      }
    },
    "node_modules/typescript": {
      "version": "4.9.4",
      "resolved": "https://registry.npmjs.org/typescript/-/typescript-4.9.4.tgz",
      "integrity": "sha512-Uz+dTXYzxXXbsFpM86Wh3dKCxrQqUcVMxwU54orwlJjOpO3ao8L7j5lH+dWfTwgCwIuM9GQ2kvVotzYJMXTBZg==",
      "dev": true,
      "bin": {
        "tsc": "bin/tsc",
        "tsserver": "bin/tsserver"
      },
      "engines": {
        "node": ">=4.2.0"
      }
    }
  }
}
